
Microsoft Visual Studio Solution File, Format Version 12.00
# Visual Studio Version 17
VisualStudioVersion = 17.2.32602.215
MinimumVisualStudioVersion = 10.0.40219.1
Project("{FAE04EC0-301F-11D3-BF4B-00C04F79EFBC}") = "AppiumTest", "AppiumTest\AppiumTest.csproj", "{51817CFB-37B9-4C6D-A211-3653E35E15EC}"
EndProject
Global
	GlobalSection(SolutionConfigurationPlatforms) = preSolution
		Debug|Any CPU = Debug|Any CPU
		Release|Any CPU = Release|Any CPU
	EndGlobalSection
	GlobalSection(ProjectConfigurationPlatforms) = postSolution
		{51817CFB-37B9-4C6D-A211-3653E35E15EC}.Debug|Any CPU.ActiveCfg = Debug|Any CPU
		{51817CFB-37B9-4C6D-A211-3653E35E15EC}.Debug|Any CPU.Build.0 = Debug|Any CPU
		{51817CFB-37B9-4C6D-A211-3653E35E15EC}.Release|Any CPU.ActiveCfg = Release|Any CPU
		{51817CFB-37B9-4C6D-A211-3653E35E15EC}.Release|Any CPU.Build.0 = Release|Any CPU
	EndGlobalSection
	GlobalSection(SolutionProperties) = preSolution
		HideSolutionNode = FALSE
	EndGlobalSection
	GlobalSection(ExtensibilityGlobals) = postSolution
		SolutionGuid = {7E6AEB99-D051-4C9A-B9EA-90D9BCF251E6}
	EndGlobalSection
EndGlobal
